# This file is automatically @generated by Poetry 2.1.2 and should not be changed by hand.

[[package]]
name = "ptyhon-package"
version = "0.0.1"
description = "A small example package"
optional = false
python-versions = ">=3.8"
groups = ["main"]
files = [
    {file = "ptyhon_package-0.0.1.tar.gz", hash = "sha256:0e88b6315666125a3a1a7e994e6d18bc2dbf0fe3370407fbceea17e706696dbb"},
]

[package.source]
type = "legacy"
url = "https://dl.cloudsmith.io/basic/testcheck/packageformats/python/simple"
reference = "custom"

[metadata]
lock-version = "2.1"
python-versions = ">=3.13"
content-hash = "6cd9c5b4d3ae192f613a4cc104bc31f7f11e98f3802181714bb794f43b3090d6"
